// !$*UTF8*$!
{
	archiveVersion = 1;
	classes = {
	};
	objectVersion = 55;
	objects = {

/* Begin PBXBuildFile section */
		C222889E2D53D4970037C34E /* JAppicalApp.swift in Sources */ = {isa = PBXBuildFile; fileRef = C222889D2D53D4970037C34E /* JAppicalApp.swift */; };
		C22288A22D53D4980037C34E /* Assets.xcassets in Resources */ = {isa = PBXBuildFile; fileRef = C22288A12D53D4980037C34E /* Assets.xcassets */; };
		C22288B42D53D4990037C34E /* JAppicalTests.swift in Sources */ = {isa = PBXBuildFile; fileRef = C22288B32D53D4990037C34E /* JAppicalTests.swift */; };
		C22B1A2F2D54B60100121239 /* DashboardView.swift in Sources */ = {isa = PBXBuildFile; fileRef = C22B1A2E2D54B60100121239 /* DashboardView.swift */; };
		C22B1A312D54B64900121239 /* DashboardScreen.swift in Sources */ = {isa = PBXBuildFile; fileRef = C22B1A302D54B64900121239 /* DashboardScreen.swift */; };
		C22B1A342D54BA4200121239 /* JData in Frameworks */ = {isa = PBXBuildFile; productRef = C22B1A332D54BA4200121239 /* JData */; };
		C22B1A362D54BA4200121239 /* JFoundation in Frameworks */ = {isa = PBXBuildFile; productRef = C22B1A352D54BA4200121239 /* JFoundation */; };
		C22B1A382D54BA4200121239 /* JUI in Frameworks */ = {isa = PBXBuildFile; productRef = C22B1A372D54BA4200121239 /* JUI */; };
		C22B1A3B2D54E43500121239 /* NewHiresCard.swift in Sources */ = {isa = PBXBuildFile; fileRef = C22B1A3A2D54E43500121239 /* NewHiresCard.swift */; };
		C25333EB2D57BAC9002FF7F0 /* LoginViewModel.swift in Sources */ = {isa = PBXBuildFile; fileRef = C25333EA2D57BAC9002FF7F0 /* LoginViewModel.swift */; };
		C25C58B12D58C2BF00501D2E /* AuthenticationManager.swift in Sources */ = {isa = PBXBuildFile; fileRef = C25C58B02D58C2BF00501D2E /* AuthenticationManager.swift */; };
		C29766982D5A036800BD3DB4 /* TodoTasksViewState.swift in Sources */ = {isa = PBXBuildFile; fileRef = C29766972D5A036800BD3DB4 /* TodoTasksViewState.swift */; };
		C2A6B2D32D561DC2006269EA /* LoginScreen.swift in Sources */ = {isa = PBXBuildFile; fileRef = C2A6B2D22D561DC2006269EA /* LoginScreen.swift */; };
		C2A6B2D52D561DC8006269EA /* LoginView.swift in Sources */ = {isa = PBXBuildFile; fileRef = C2A6B2D42D561DC8006269EA /* LoginView.swift */; };
		C2C5404D2D5674A0007EFDAC /* DashboardViewModel.swift in Sources */ = {isa = PBXBuildFile; fileRef = C2C5404C2D5674A0007EFDAC /* DashboardViewModel.swift */; };
		C2C5404F2D567BEB007EFDAC /* TodoTaskRowViewModel.swift in Sources */ = {isa = PBXBuildFile; fileRef = C2C5404E2D567BEB007EFDAC /* TodoTaskRowViewModel.swift */; };
		C2C540512D578DAB007EFDAC /* NewHiresViewModel.swift in Sources */ = {isa = PBXBuildFile; fileRef = C2C540502D578DAB007EFDAC /* NewHiresViewModel.swift */; };
		C2C540532D578E90007EFDAC /* NewHireViewData.swift in Sources */ = {isa = PBXBuildFile; fileRef = C2C540522D578E90007EFDAC /* NewHireViewData.swift */; };
		C2C540562D579FB6007EFDAC /* TodoTasksViewModel.swift in Sources */ = {isa = PBXBuildFile; fileRef = C2C540552D579FB6007EFDAC /* TodoTasksViewModel.swift */; };
		C2C540582D57A980007EFDAC /* TodoTaskRow.swift in Sources */ = {isa = PBXBuildFile; fileRef = C2C540572D57A980007EFDAC /* TodoTaskRow.swift */; };
		C2E63E7C2D54F2C500187560 /* TodoTasksCard.swift in Sources */ = {isa = PBXBuildFile; fileRef = C2E63E7B2D54F2C500187560 /* TodoTasksCard.swift */; };
		C2E63E7F2D55089600187560 /* NewHiresScreen.swift in Sources */ = {isa = PBXBuildFile; fileRef = C2E63E7E2D55089600187560 /* NewHiresScreen.swift */; };
		C2E63E812D55089D00187560 /* NewHiresView.swift in Sources */ = {isa = PBXBuildFile; fileRef = C2E63E802D55089D00187560 /* NewHiresView.swift */; };
/* End PBXBuildFile section */

/* Begin PBXContainerItemProxy section */
		C22288B02D53D4990037C34E /* PBXContainerItemProxy */ = {
			isa = PBXContainerItemProxy;
			containerPortal = C22288922D53D4970037C34E /* Project object */;
			proxyType = 1;
			remoteGlobalIDString = C22288992D53D4970037C34E;
			remoteInfo = JAppical;
		};
/* End PBXContainerItemProxy section */

/* Begin PBXFileReference section */
		C222889A2D53D4970037C34E /* JAppical.app */ = {isa = PBXFileReference; explicitFileType = wrapper.application; includeInIndex = 0; path = JAppical.app; sourceTree = BUILT_PRODUCTS_DIR; };
		C222889D2D53D4970037C34E /* JAppicalApp.swift */ = {isa = PBXFileReference; lastKnownFileType = sourcecode.swift; path = JAppicalApp.swift; sourceTree = "<group>"; };
		C22288A12D53D4980037C34E /* Assets.xcassets */ = {isa = PBXFileReference; lastKnownFileType = folder.assetcatalog; path = Assets.xcassets; sourceTree = "<group>"; };
		C22288AF2D53D4990037C34E /* JAppicalTests.xctest */ = {isa = PBXFileReference; explicitFileType = wrapper.cfbundle; includeInIndex = 0; path = JAppicalTests.xctest; sourceTree = BUILT_PRODUCTS_DIR; };
		C22288B32D53D4990037C34E /* JAppicalTests.swift */ = {isa = PBXFileReference; lastKnownFileType = sourcecode.swift; path = JAppicalTests.swift; sourceTree = "<group>"; };
		C22B1A2E2D54B60100121239 /* DashboardView.swift */ = {isa = PBXFileReference; lastKnownFileType = sourcecode.swift; path = DashboardView.swift; sourceTree = "<group>"; };
		C22B1A302D54B64900121239 /* DashboardScreen.swift */ = {isa = PBXFileReference; lastKnownFileType = sourcecode.swift; path = DashboardScreen.swift; sourceTree = "<group>"; };
		C22B1A3A2D54E43500121239 /* NewHiresCard.swift */ = {isa = PBXFileReference; lastKnownFileType = sourcecode.swift; path = NewHiresCard.swift; sourceTree = "<group>"; };
		C25333EA2D57BAC9002FF7F0 /* LoginViewModel.swift */ = {isa = PBXFileReference; lastKnownFileType = sourcecode.swift; path = LoginViewModel.swift; sourceTree = "<group>"; };
		C25C58B02D58C2BF00501D2E /* AuthenticationManager.swift */ = {isa = PBXFileReference; lastKnownFileType = sourcecode.swift; path = AuthenticationManager.swift; sourceTree = "<group>"; };
		C27D83EB2D53D51F004BDF14 /* JData */ = {isa = PBXFileReference; lastKnownFileType = wrapper; path = JData; sourceTree = "<group>"; };
		C27D83EC2D53D527004BDF14 /* JFoundation */ = {isa = PBXFileReference; lastKnownFileType = wrapper; path = JFoundation; sourceTree = "<group>"; };
		C27D83ED2D53D536004BDF14 /* JUI */ = {isa = PBXFileReference; lastKnownFileType = wrapper; path = JUI; sourceTree = "<group>"; };
		C29766972D5A036800BD3DB4 /* TodoTasksViewState.swift */ = {isa = PBXFileReference; lastKnownFileType = sourcecode.swift; path = TodoTasksViewState.swift; sourceTree = "<group>"; };
		C29766992D5A0DE800BD3DB4 /* Info.plist */ = {isa = PBXFileReference; lastKnownFileType = text.plist; path = Info.plist; sourceTree = "<group>"; };
		C2A6B2D22D561DC2006269EA /* LoginScreen.swift */ = {isa = PBXFileReference; lastKnownFileType = sourcecode.swift; path = LoginScreen.swift; sourceTree = "<group>"; };
		C2A6B2D42D561DC8006269EA /* LoginView.swift */ = {isa = PBXFileReference; lastKnownFileType = sourcecode.swift; path = LoginView.swift; sourceTree = "<group>"; };
		C2C5404C2D5674A0007EFDAC /* DashboardViewModel.swift */ = {isa = PBXFileReference; lastKnownFileType = sourcecode.swift; path = DashboardViewModel.swift; sourceTree = "<group>"; };
		C2C5404E2D567BEB007EFDAC /* TodoTaskRowViewModel.swift */ = {isa = PBXFileReference; lastKnownFileType = sourcecode.swift; path = TodoTaskRowViewModel.swift; sourceTree = "<group>"; };
		C2C540502D578DAB007EFDAC /* NewHiresViewModel.swift */ = {isa = PBXFileReference; fileEncoding = 4; lastKnownFileType = sourcecode.swift; path = NewHiresViewModel.swift; sourceTree = "<group>"; };
		C2C540522D578E90007EFDAC /* NewHireViewData.swift */ = {isa = PBXFileReference; lastKnownFileType = sourcecode.swift; path = NewHireViewData.swift; sourceTree = "<group>"; };
		C2C540552D579FB6007EFDAC /* TodoTasksViewModel.swift */ = {isa = PBXFileReference; lastKnownFileType = sourcecode.swift; path = TodoTasksViewModel.swift; sourceTree = "<group>"; };
		C2C540572D57A980007EFDAC /* TodoTaskRow.swift */ = {isa = PBXFileReference; lastKnownFileType = sourcecode.swift; path = TodoTaskRow.swift; sourceTree = "<group>"; };
		C2E63E7B2D54F2C500187560 /* TodoTasksCard.swift */ = {isa = PBXFileReference; lastKnownFileType = sourcecode.swift; path = TodoTasksCard.swift; sourceTree = "<group>"; };
		C2E63E7E2D55089600187560 /* NewHiresScreen.swift */ = {isa = PBXFileReference; lastKnownFileType = sourcecode.swift; path = NewHiresScreen.swift; sourceTree = "<group>"; };
		C2E63E802D55089D00187560 /* NewHiresView.swift */ = {isa = PBXFileReference; lastKnownFileType = sourcecode.swift; path = NewHiresView.swift; sourceTree = "<group>"; };
/* End PBXFileReference section */

/* Begin PBXFrameworksBuildPhase section */
		C22288972D53D4970037C34E /* Frameworks */ = {
			isa = PBXFrameworksBuildPhase;
			buildActionMask = 2147483647;
			files = (
				C22B1A382D54BA4200121239 /* JUI in Frameworks */,
				C22B1A362D54BA4200121239 /* JFoundation in Frameworks */,
				C22B1A342D54BA4200121239 /* JData in Frameworks */,
			);
			runOnlyForDeploymentPostprocessing = 0;
		};
		C22288AC2D53D4990037C34E /* Frameworks */ = {
			isa = PBXFrameworksBuildPhase;
			buildActionMask = 2147483647;
			files = (
			);
			runOnlyForDeploymentPostprocessing = 0;
		};
/* End PBXFrameworksBuildPhase section */

/* Begin PBXGroup section */
		C22288912D53D4970037C34E = {
			isa = PBXGroup;
			children = (
				C27D83EA2D53D51F004BDF14 /* Packages */,
				C222889C2D53D4970037C34E /* JAppical */,
				C22288B22D53D4990037C34E /* JAppicalTests */,
				C222889B2D53D4970037C34E /* Products */,
				C22B1A322D54BA4200121239 /* Frameworks */,
			);
			sourceTree = "<group>";
		};
		C222889B2D53D4970037C34E /* Products */ = {
			isa = PBXGroup;
			children = (
				C222889A2D53D4970037C34E /* JAppical.app */,
				C22288AF2D53D4990037C34E /* JAppicalTests.xctest */,
			);
			name = Products;
			sourceTree = "<group>";
		};
		C222889C2D53D4970037C34E /* JAppical */ = {
			isa = PBXGroup;
			children = (
				C29766992D5A0DE800BD3DB4 /* Info.plist */,
				C25C58B02D58C2BF00501D2E /* AuthenticationManager.swift */,
				C2A6B2D12D561DB7006269EA /* Login */,
				C2E63E7D2D55088300187560 /* NewHires */,
				C22B1A2B2D54B57B00121239 /* Dashboard */,
				C222889D2D53D4970037C34E /* JAppicalApp.swift */,
				C22288A12D53D4980037C34E /* Assets.xcassets */,
			);
			path = JAppical;
			sourceTree = "<group>";
		};
		C22288B22D53D4990037C34E /* JAppicalTests */ = {
			isa = PBXGroup;
			children = (
				C22288B32D53D4990037C34E /* JAppicalTests.swift */,
			);
			path = JAppicalTests;
			sourceTree = "<group>";
		};
		C22B1A2B2D54B57B00121239 /* Dashboard */ = {
			isa = PBXGroup;
			children = (
				C2C5404C2D5674A0007EFDAC /* DashboardViewModel.swift */,
				C22B1A2E2D54B60100121239 /* DashboardView.swift */,
				C22B1A302D54B64900121239 /* DashboardScreen.swift */,
				C22B1A392D54E41500121239 /* Cards */,
			);
			path = Dashboard;
			sourceTree = "<group>";
		};
		C22B1A322D54BA4200121239 /* Frameworks */ = {
			isa = PBXGroup;
			children = (
			);
			name = Frameworks;
			sourceTree = "<group>";
		};
		C22B1A392D54E41500121239 /* Cards */ = {
			isa = PBXGroup;
			children = (
				C2C540542D579FA0007EFDAC /* TodoTasks */,
				C22B1A3A2D54E43500121239 /* NewHiresCard.swift */,
			);
			path = Cards;
			sourceTree = "<group>";
		};
		C27D83EA2D53D51F004BDF14 /* Packages */ = {
			isa = PBXGroup;
			children = (
				C27D83EB2D53D51F004BDF14 /* JData */,
				C27D83EC2D53D527004BDF14 /* JFoundation */,
				C27D83ED2D53D536004BDF14 /* JUI */,
			);
			name = Packages;
			sourceTree = "<group>";
		};
		C2A6B2D12D561DB7006269EA /* Login */ = {
			isa = PBXGroup;
			children = (
				C2A6B2D22D561DC2006269EA /* LoginScreen.swift */,
				C2A6B2D42D561DC8006269EA /* LoginView.swift */,
				C25333EA2D57BAC9002FF7F0 /* LoginViewModel.swift */,
			);
			path = Login;
			sourceTree = "<group>";
		};
		C2C540542D579FA0007EFDAC /* TodoTasks */ = {
			isa = PBXGroup;
			children = (
				C2E63E7B2D54F2C500187560 /* TodoTasksCard.swift */,
				C2C540552D579FB6007EFDAC /* TodoTasksViewModel.swift */,
				C2C5404E2D567BEB007EFDAC /* TodoTaskRowViewModel.swift */,
				C2C540572D57A980007EFDAC /* TodoTaskRow.swift */,
				C29766972D5A036800BD3DB4 /* TodoTasksViewState.swift */,
			);
			path = TodoTasks;
			sourceTree = "<group>";
		};
		C2E63E7D2D55088300187560 /* NewHires */ = {
			isa = PBXGroup;
			children = (
				C2E63E7E2D55089600187560 /* NewHiresScreen.swift */,
				C2E63E802D55089D00187560 /* NewHiresView.swift */,
				C2C540502D578DAB007EFDAC /* NewHiresViewModel.swift */,
				C2C540522D578E90007EFDAC /* NewHireViewData.swift */,
			);
			path = NewHires;
			sourceTree = "<group>";
		};
/* End PBXGroup section */

/* Begin PBXNativeTarget section */
		C22288992D53D4970037C34E /* JAppical */ = {
			isa = PBXNativeTarget;
			buildConfigurationList = C22288C32D53D4990037C34E /* Build configuration list for PBXNativeTarget "JAppical" */;
			buildPhases = (
				C22288962D53D4970037C34E /* Sources */,
				C22288972D53D4970037C34E /* Frameworks */,
				C22288982D53D4970037C34E /* Resources */,
			);
			buildRules = (
			);
			dependencies = (
			);
			name = JAppical;
			packageProductDependencies = (
				C22B1A332D54BA4200121239 /* JData */,
				C22B1A352D54BA4200121239 /* JFoundation */,
				C22B1A372D54BA4200121239 /* JUI */,
			);
			productName = JAppical;
			productReference = C222889A2D53D4970037C34E /* JAppical.app */;
			productType = "com.apple.product-type.application";
		};
		C22288AE2D53D4990037C34E /* JAppicalTests */ = {
			isa = PBXNativeTarget;
			buildConfigurationList = C22288C62D53D4990037C34E /* Build configuration list for PBXNativeTarget "JAppicalTests" */;
			buildPhases = (
				C22288AB2D53D4990037C34E /* Sources */,
				C22288AC2D53D4990037C34E /* Frameworks */,
				C22288AD2D53D4990037C34E /* Resources */,
			);
			buildRules = (
			);
			dependencies = (
				C22288B12D53D4990037C34E /* PBXTargetDependency */,
			);
			name = JAppicalTests;
			productName = JAppicalTests;
			productReference = C22288AF2D53D4990037C34E /* JAppicalTests.xctest */;
			productType = "com.apple.product-type.bundle.unit-test";
		};
/* End PBXNativeTarget section */

/* Begin PBXProject section */
		C22288922D53D4970037C34E /* Project object */ = {
			isa = PBXProject;
			attributes = {
				BuildIndependentTargetsInParallel = 1;
				LastSwiftUpdateCheck = 1340;
				LastUpgradeCheck = 1340;
				TargetAttributes = {
					C22288992D53D4970037C34E = {
						CreatedOnToolsVersion = 13.4.1;
					};
					C22288AE2D53D4990037C34E = {
						CreatedOnToolsVersion = 13.4.1;
						TestTargetID = C22288992D53D4970037C34E;
					};
				};
			};
			buildConfigurationList = C22288952D53D4970037C34E /* Build configuration list for PBXProject "JAppical" */;
			compatibilityVersion = "Xcode 13.0";
			developmentRegion = en;
			hasScannedForEncodings = 0;
			knownRegions = (
				en,
				Base,
			);
			mainGroup = C22288912D53D4970037C34E;
			productRefGroup = C222889B2D53D4970037C34E /* Products */;
			projectDirPath = "";
			projectRoot = "";
			targets = (
				C22288992D53D4970037C34E /* JAppical */,
				C22288AE2D53D4990037C34E /* JAppicalTests */,
			);
		};
/* End PBXProject section */

/* Begin PBXResourcesBuildPhase section */
		C22288982D53D4970037C34E /* Resources */ = {
			isa = PBXResourcesBuildPhase;
			buildActionMask = 2147483647;
			files = (
				C22288A22D53D4980037C34E /* Assets.xcassets in Resources */,
			);
			runOnlyForDeploymentPostprocessing = 0;
		};
		C22288AD2D53D4990037C34E /* Resources */ = {
			isa = PBXResourcesBuildPhase;
			buildActionMask = 2147483647;
			files = (
			);
			runOnlyForDeploymentPostprocessing = 0;
		};
/* End PBXResourcesBuildPhase section */

/* Begin PBXSourcesBuildPhase section */
		C22288962D53D4970037C34E /* Sources */ = {
			isa = PBXSourcesBuildPhase;
			buildActionMask = 2147483647;
			files = (
				C22B1A3B2D54E43500121239 /* NewHiresCard.swift in Sources */,
				C2C540562D579FB6007EFDAC /* TodoTasksViewModel.swift in Sources */,
				C2E63E7C2D54F2C500187560 /* TodoTasksCard.swift in Sources */,
				C2E63E7F2D55089600187560 /* NewHiresScreen.swift in Sources */,
				C2E63E812D55089D00187560 /* NewHiresView.swift in Sources */,
				C2A6B2D52D561DC8006269EA /* LoginView.swift in Sources */,
				C2C540532D578E90007EFDAC /* NewHireViewData.swift in Sources */,
				C22B1A312D54B64900121239 /* DashboardScreen.swift in Sources */,
				C22B1A2F2D54B60100121239 /* DashboardView.swift in Sources */,
				C2C5404D2D5674A0007EFDAC /* DashboardViewModel.swift in Sources */,
				C25C58B12D58C2BF00501D2E /* AuthenticationManager.swift in Sources */,
				C2C540512D578DAB007EFDAC /* NewHiresViewModel.swift in Sources */,
				C2A6B2D32D561DC2006269EA /* LoginScreen.swift in Sources */,
				C2C540582D57A980007EFDAC /* TodoTaskRow.swift in Sources */,
				C29766982D5A036800BD3DB4 /* TodoTasksViewState.swift in Sources */,
				C222889E2D53D4970037C34E /* JAppicalApp.swift in Sources */,
				C25333EB2D57BAC9002FF7F0 /* LoginViewModel.swift in Sources */,
				C2C5404F2D567BEB007EFDAC /* TodoTaskRowViewModel.swift in Sources */,
			);
			runOnlyForDeploymentPostprocessing = 0;
		};
		C22288AB2D53D4990037C34E /* Sources */ = {
			isa = PBXSourcesBuildPhase;
			buildActionMask = 2147483647;
			files = (
				C22288B42D53D4990037C34E /* JAppicalTests.swift in Sources */,
			);
			runOnlyForDeploymentPostprocessing = 0;
		};
/* End PBXSourcesBuildPhase section */

/* Begin PBXTargetDependency section */
		C22288B12D53D4990037C34E /* PBXTargetDependency */ = {
			isa = PBXTargetDependency;
			target = C22288992D53D4970037C34E /* JAppical */;
			targetProxy = C22288B02D53D4990037C34E /* PBXContainerItemProxy */;
		};
/* End PBXTargetDependency section */

/* Begin XCBuildConfiguration section */
		C22288C12D53D4990037C34E /* Debug */ = {
			isa = XCBuildConfiguration;
			buildSettings = {
				ALWAYS_SEARCH_USER_PATHS = NO;
				CLANG_ANALYZER_NONNULL = YES;
				CLANG_ANALYZER_NUMBER_OBJECT_CONVERSION = YES_AGGRESSIVE;
				CLANG_CXX_LANGUAGE_STANDARD = "gnu++17";
				CLANG_ENABLE_MODULES = YES;
				CLANG_ENABLE_OBJC_ARC = YES;
				CLANG_ENABLE_OBJC_WEAK = YES;
				CLANG_WARN_BLOCK_CAPTURE_AUTORELEASING = YES;
				CLANG_WARN_BOOL_CONVERSION = YES;
				CLANG_WARN_COMMA = YES;
				CLANG_WARN_CONSTANT_CONVERSION = YES;
				CLANG_WARN_DEPRECATED_OBJC_IMPLEMENTATIONS = YES;
				CLANG_WARN_DIRECT_OBJC_ISA_USAGE = YES_ERROR;
				CLANG_WARN_DOCUMENTATION_COMMENTS = YES;
				CLANG_WARN_EMPTY_BODY = YES;
				CLANG_WARN_ENUM_CONVERSION = YES;
				CLANG_WARN_INFINITE_RECURSION = YES;
				CLANG_WARN_INT_CONVERSION = YES;
				CLANG_WARN_NON_LITERAL_NULL_CONVERSION = YES;
				CLANG_WARN_OBJC_IMPLICIT_RETAIN_SELF = YES;
				CLANG_WARN_OBJC_LITERAL_CONVERSION = YES;
				CLANG_WARN_OBJC_ROOT_CLASS = YES_ERROR;
				CLANG_WARN_QUOTED_INCLUDE_IN_FRAMEWORK_HEADER = YES;
				CLANG_WARN_RANGE_LOOP_ANALYSIS = YES;
				CLANG_WARN_STRICT_PROTOTYPES = YES;
				CLANG_WARN_SUSPICIOUS_MOVE = YES;
				CLANG_WARN_UNGUARDED_AVAILABILITY = YES_AGGRESSIVE;
				CLANG_WARN_UNREACHABLE_CODE = YES;
				CLANG_WARN__DUPLICATE_METHOD_MATCH = YES;
				COPY_PHASE_STRIP = NO;
				DEBUG_INFORMATION_FORMAT = dwarf;
				ENABLE_STRICT_OBJC_MSGSEND = YES;
				ENABLE_TESTABILITY = YES;
				GCC_C_LANGUAGE_STANDARD = gnu11;
				GCC_DYNAMIC_NO_PIC = NO;
				GCC_NO_COMMON_BLOCKS = YES;
				GCC_OPTIMIZATION_LEVEL = 0;
				GCC_PREPROCESSOR_DEFINITIONS = (
					"DEBUG=1",
					"$(inherited)",
				);
				GCC_WARN_64_TO_32_BIT_CONVERSION = YES;
				GCC_WARN_ABOUT_RETURN_TYPE = YES_ERROR;
				GCC_WARN_UNDECLARED_SELECTOR = YES;
				GCC_WARN_UNINITIALIZED_AUTOS = YES_AGGRESSIVE;
				GCC_WARN_UNUSED_FUNCTION = YES;
				GCC_WARN_UNUSED_VARIABLE = YES;
				IPHONEOS_DEPLOYMENT_TARGET = 15.5;
				MTL_ENABLE_DEBUG_INFO = INCLUDE_SOURCE;
				MTL_FAST_MATH = YES;
				ONLY_ACTIVE_ARCH = YES;
				SDKROOT = iphoneos;
				SWIFT_ACTIVE_COMPILATION_CONDITIONS = DEBUG;
				SWIFT_OPTIMIZATION_LEVEL = "-Onone";
			};
			name = Debug;
		};
		C22288C22D53D4990037C34E /* Release */ = {
			isa = XCBuildConfiguration;
			buildSettings = {
				ALWAYS_SEARCH_USER_PATHS = NO;
				CLANG_ANALYZER_NONNULL = YES;
				CLANG_ANALYZER_NUMBER_OBJECT_CONVERSION = YES_AGGRESSIVE;
				CLANG_CXX_LANGUAGE_STANDARD = "gnu++17";
				CLANG_ENABLE_MODULES = YES;
				CLANG_ENABLE_OBJC_ARC = YES;
				CLANG_ENABLE_OBJC_WEAK = YES;
				CLANG_WARN_BLOCK_CAPTURE_AUTORELEASING = YES;
				CLANG_WARN_BOOL_CONVERSION = YES;
				CLANG_WARN_COMMA = YES;
				CLANG_WARN_CONSTANT_CONVERSION = YES;
				CLANG_WARN_DEPRECATED_OBJC_IMPLEMENTATIONS = YES;
				CLANG_WARN_DIRECT_OBJC_ISA_USAGE = YES_ERROR;
				CLANG_WARN_DOCUMENTATION_COMMENTS = YES;
				CLANG_WARN_EMPTY_BODY = YES;
				CLANG_WARN_ENUM_CONVERSION = YES;
				CLANG_WARN_INFINITE_RECURSION = YES;
				CLANG_WARN_INT_CONVERSION = YES;
				CLANG_WARN_NON_LITERAL_NULL_CONVERSION = YES;
				CLANG_WARN_OBJC_IMPLICIT_RETAIN_SELF = YES;
				CLANG_WARN_OBJC_LITERAL_CONVERSION = YES;
				CLANG_WARN_OBJC_ROOT_CLASS = YES_ERROR;
				CLANG_WARN_QUOTED_INCLUDE_IN_FRAMEWORK_HEADER = YES;
				CLANG_WARN_RANGE_LOOP_ANALYSIS = YES;
				CLANG_WARN_STRICT_PROTOTYPES = YES;
				CLANG_WARN_SUSPICIOUS_MOVE = YES;
				CLANG_WARN_UNGUARDED_AVAILABILITY = YES_AGGRESSIVE;
				CLANG_WARN_UNREACHABLE_CODE = YES;
				CLANG_WARN__DUPLICATE_METHOD_MATCH = YES;
				COPY_PHASE_STRIP = NO;
				DEBUG_INFORMATION_FORMAT = "dwarf-with-dsym";
				ENABLE_NS_ASSERTIONS = NO;
				ENABLE_STRICT_OBJC_MSGSEND = YES;
				GCC_C_LANGUAGE_STANDARD = gnu11;
				GCC_NO_COMMON_BLOCKS = YES;
				GCC_WARN_64_TO_32_BIT_CONVERSION = YES;
				GCC_WARN_ABOUT_RETURN_TYPE = YES_ERROR;
				GCC_WARN_UNDECLARED_SELECTOR = YES;
				GCC_WARN_UNINITIALIZED_AUTOS = YES_AGGRESSIVE;
				GCC_WARN_UNUSED_FUNCTION = YES;
				GCC_WARN_UNUSED_VARIABLE = YES;
				IPHONEOS_DEPLOYMENT_TARGET = 15.5;
				MTL_ENABLE_DEBUG_INFO = NO;
				MTL_FAST_MATH = YES;
				SDKROOT = iphoneos;
				SWIFT_COMPILATION_MODE = wholemodule;
				SWIFT_OPTIMIZATION_LEVEL = "-O";
				VALIDATE_PRODUCT = YES;
			};
			name = Release;
		};
		C22288C42D53D4990037C34E /* Debug */ = {
			isa = XCBuildConfiguration;
			buildSettings = {
				ASSETCATALOG_COMPILER_APPICON_NAME = AppIcon;
				ASSETCATALOG_COMPILER_GLOBAL_ACCENT_COLOR_NAME = AccentColor;
				CODE_SIGN_STYLE = Automatic;
				CURRENT_PROJECT_VERSION = 1;
				ENABLE_PREVIEWS = YES;
				GENERATE_INFOPLIST_FILE = YES;
				INFOPLIST_FILE = JAppical/Info.plist;
				INFOPLIST_KEY_UIApplicationSceneManifest_Generation = YES;
				INFOPLIST_KEY_UIApplicationSupportsIndirectInputEvents = YES;
				INFOPLIST_KEY_UILaunchScreen_Generation = YES;
				INFOPLIST_KEY_UISupportedInterfaceOrientations = UIInterfaceOrientationPortrait;
				INFOPLIST_KEY_UIUserInterfaceStyle = Light;
				LD_RUNPATH_SEARCH_PATHS = (
					"$(inherited)",
					"@executable_path/Frameworks",
				);
				MARKETING_VERSION = 1.0;
				PRODUCT_BUNDLE_IDENTIFIER = joao.JAppical;
				PRODUCT_NAME = "$(TARGET_NAME)";
				SWIFT_EMIT_LOC_STRINGS = YES;
				SWIFT_VERSION = 5.0;
				TARGETED_DEVICE_FAMILY = 1;
			};
			name = Debug;
		};
		C22288C52D53D4990037C34E /* Release */ = {
			isa = XCBuildConfiguration;
			buildSettings = {
				ASSETCATALOG_COMPILER_APPICON_NAME = AppIcon;
				ASSETCATALOG_COMPILER_GLOBAL_ACCENT_COLOR_NAME = AccentColor;
				CODE_SIGN_STYLE = Automatic;
				CURRENT_PROJECT_VERSION = 1;
				ENABLE_PREVIEWS = YES;
				GENERATE_INFOPLIST_FILE = YES;
				INFOPLIST_FILE = JAppical/Info.plist;
				INFOPLIST_KEY_UIApplicationSceneManifest_Generation = YES;
				INFOPLIST_KEY_UIApplicationSupportsIndirectInputEvents = YES;
				INFOPLIST_KEY_UILaunchScreen_Generation = YES;
				INFOPLIST_KEY_UISupportedInterfaceOrientations = UIInterfaceOrientationPortrait;
				INFOPLIST_KEY_UIUserInterfaceStyle = Light;
				LD_RUNPATH_SEARCH_PATHS = (
					"$(inherited)",
					"@executable_path/Frameworks",
				);
				MARKETING_VERSION = 1.0;
				PRODUCT_BUNDLE_IDENTIFIER = joao.JAppical;
				PRODUCT_NAME = "$(TARGET_NAME)";
				SWIFT_EMIT_LOC_STRINGS = YES;
				SWIFT_VERSION = 5.0;
				TARGETED_DEVICE_FAMILY = 1;
			};
			name = Release;
		};
		C22288C72D53D4990037C34E /* Debug */ = {
			isa = XCBuildConfiguration;
			buildSettings = {
				ALWAYS_EMBED_SWIFT_STANDARD_LIBRARIES = YES;
				BUNDLE_LOADER = "$(TEST_HOST)";
				CODE_SIGN_STYLE = Automatic;
				CURRENT_PROJECT_VERSION = 1;
				GENERATE_INFOPLIST_FILE = YES;
				IPHONEOS_DEPLOYMENT_TARGET = 15.5;
				MARKETING_VERSION = 1.0;
				PRODUCT_BUNDLE_IDENTIFIER = joao.JAppicalTests;
				PRODUCT_NAME = "$(TARGET_NAME)";
				SWIFT_EMIT_LOC_STRINGS = NO;
				SWIFT_VERSION = 5.0;
				TARGETED_DEVICE_FAMILY = "1,2";
				TEST_HOST = "$(BUILT_PRODUCTS_DIR)/JAppical.app/JAppical";
			};
			name = Debug;
		};
		C22288C82D53D4990037C34E /* Release */ = {
			isa = XCBuildConfiguration;
			buildSettings = {
				ALWAYS_EMBED_SWIFT_STANDARD_LIBRARIES = YES;
				BUNDLE_LOADER = "$(TEST_HOST)";
				CODE_SIGN_STYLE = Automatic;
				CURRENT_PROJECT_VERSION = 1;
				GENERATE_INFOPLIST_FILE = YES;
				IPHONEOS_DEPLOYMENT_TARGET = 15.5;
				MARKETING_VERSION = 1.0;
				PRODUCT_BUNDLE_IDENTIFIER = joao.JAppicalTests;
				PRODUCT_NAME = "$(TARGET_NAME)";
				SWIFT_EMIT_LOC_STRINGS = NO;
				SWIFT_VERSION = 5.0;
				TARGETED_DEVICE_FAMILY = "1,2";
				TEST_HOST = "$(BUILT_PRODUCTS_DIR)/JAppical.app/JAppical";
			};
			name = Release;
		};
/* End XCBuildConfiguration section */

/* Begin XCConfigurationList section */
		C22288952D53D4970037C34E /* Build configuration list for PBXProject "JAppical" */ = {
			isa = XCConfigurationList;
			buildConfigurations = (
				C22288C12D53D4990037C34E /* Debug */,
				C22288C22D53D4990037C34E /* Release */,
			);
			defaultConfigurationIsVisible = 0;
			defaultConfigurationName = Release;
		};
		C22288C32D53D4990037C34E /* Build configuration list for PBXNativeTarget "JAppical" */ = {
			isa = XCConfigurationList;
			buildConfigurations = (
				C22288C42D53D4990037C34E /* Debug */,
				C22288C52D53D4990037C34E /* Release */,
			);
			defaultConfigurationIsVisible = 0;
			defaultConfigurationName = Release;
		};
		C22288C62D53D4990037C34E /* Build configuration list for PBXNativeTarget "JAppicalTests" */ = {
			isa = XCConfigurationList;
			buildConfigurations = (
				C22288C72D53D4990037C34E /* Debug */,
				C22288C82D53D4990037C34E /* Release */,
			);
			defaultConfigurationIsVisible = 0;
			defaultConfigurationName = Release;
		};
/* End XCConfigurationList section */

/* Begin XCSwiftPackageProductDependency section */
		C22B1A332D54BA4200121239 /* JData */ = {
			isa = XCSwiftPackageProductDependency;
			productName = JData;
		};
		C22B1A352D54BA4200121239 /* JFoundation */ = {
			isa = XCSwiftPackageProductDependency;
			productName = JFoundation;
		};
		C22B1A372D54BA4200121239 /* JUI */ = {
			isa = XCSwiftPackageProductDependency;
			productName = JUI;
		};
/* End XCSwiftPackageProductDependency section */
	};
	rootObject = C22288922D53D4970037C34E /* Project object */;
}
